
Microsoft Visual Studio Solution File, Format Version 12.00
# Visual Studio Version 16
VisualStudioVersion = 16.0.32510.428
MinimumVisualStudioVersion = 10.0.40219.1
Project("{FAE04EC0-301F-11D3-BF4B-00C04F79EFBC}") = "WebService01", "WebService01\WebService01.csproj", "{1E61CF16-435C-418E-86BE-BA7B10CF8C34}"
EndProject
Global
	GlobalSection(SolutionConfigurationPlatforms) = preSolution
		Debug|Any CPU = Debug|Any CPU
		Release|Any CPU = Release|Any CPU
	EndGlobalSection
	GlobalSection(ProjectConfigurationPlatforms) = postSolution
		{1E61CF16-435C-418E-86BE-BA7B10CF8C34}.Debug|Any CPU.ActiveCfg = Debug|Any CPU
		{1E61CF16-435C-418E-86BE-BA7B10CF8C34}.Debug|Any CPU.Build.0 = Debug|Any CPU
		{1E61CF16-435C-418E-86BE-BA7B10CF8C34}.Release|Any CPU.ActiveCfg = Release|Any CPU
		{1E61CF16-435C-418E-86BE-BA7B10CF8C34}.Release|Any CPU.Build.0 = Release|Any CPU
	EndGlobalSection
	GlobalSection(SolutionProperties) = preSolution
		HideSolutionNode = FALSE
	EndGlobalSection
	GlobalSection(ExtensibilityGlobals) = postSolution
		SolutionGuid = {E0253431-1DEC-4053-93D7-82D1AC31DCB4}
	EndGlobalSection
EndGlobal
